
Microsoft Visual Studio Solution File, Format Version 12.00
# Visual Studio 2012
Project("{E24C65DC-7377-472B-9ABA-BC803B73C61A}") = "Home", "Z:\asp\Home\", "{B18E0014-438A-4AA2-97CD-547E3C58CFE3}"
	ProjectSection(WebsiteProperties) = preProject
		TargetFrameworkMoniker = ".NETFramework,Version%3Dv4.0"
		Debug.AspNetCompiler.VirtualPath = "/Home"
		Debug.AspNetCompiler.PhysicalPath = "Z:\asp\Home\"
		Debug.AspNetCompiler.TargetPath = "PrecompiledWeb\Home\"
		Debug.AspNetCompiler.Updateable = "true"
		Debug.AspNetCompiler.ForceOverwrite = "true"
		Debug.AspNetCompiler.FixedNames = "false"
		Debug.AspNetCompiler.Debug = "True"
		Release.AspNetCompiler.VirtualPath = "/Home"
		Release.AspNetCompiler.PhysicalPath = "Z:\asp\Home\"
		Release.AspNetCompiler.TargetPath = "PrecompiledWeb\Home\"
		Release.AspNetCompiler.Updateable = "true"
		Release.AspNetCompiler.ForceOverwrite = "true"
		Release.AspNetCompiler.FixedNames = "false"
		Release.AspNetCompiler.Debug = "False"
		VWDPort = "49539"
	EndProjectSection
EndProject
Global
	GlobalSection(SolutionConfigurationPlatforms) = preSolution
		Debug|Any CPU = Debug|Any CPU
	EndGlobalSection
	GlobalSection(ProjectConfigurationPlatforms) = postSolution
		{B18E0014-438A-4AA2-97CD-547E3C58CFE3}.Debug|Any CPU.ActiveCfg = Debug|Any CPU
		{B18E0014-438A-4AA2-97CD-547E3C58CFE3}.Debug|Any CPU.Build.0 = Debug|Any CPU
	EndGlobalSection
	GlobalSection(SolutionProperties) = preSolution
		HideSolutionNode = FALSE
	EndGlobalSection
EndGlobal
